
Microsoft Visual Studio Solution File, Format Version 11.00
# Visual Studio 2010
Project("{FAE04EC0-301F-11D3-BF4B-00C04F79EFBC}") = "Test01", "Assembly-CSharp.csproj", "{3CC24588-F227-C32C-DC4C-8A8087F3C986}"
EndProject
Project("{FAE04EC0-301F-11D3-BF4B-00C04F79EFBC}") = "Test01", "Assembly-CSharp-firstpass.csproj", "{55EB7F49-4EA2-4659-6F9C-2C59FB1BA008}"
EndProject
Project("{FAE04EC0-301F-11D3-BF4B-00C04F79EFBC}") = "Test01", "Assembly-CSharp-Editor-firstpass.csproj", "{9A56818B-C2D8-CA36-5999-47D9F32E6E8B}"
EndProject
Global
	GlobalSection(SolutionConfigurationPlatforms) = preSolution
		Debug|Any CPU = Debug|Any CPU
		Release|Any CPU = Release|Any CPU
	EndGlobalSection
	GlobalSection(ProjectConfigurationPlatforms) = postSolution
		{3CC24588-F227-C32C-DC4C-8A8087F3C986}.Debug|Any CPU.ActiveCfg = Debug|Any CPU
		{3CC24588-F227-C32C-DC4C-8A8087F3C986}.Debug|Any CPU.Build.0 = Debug|Any CPU
		{3CC24588-F227-C32C-DC4C-8A8087F3C986}.Release|Any CPU.ActiveCfg = Release|Any CPU
		{3CC24588-F227-C32C-DC4C-8A8087F3C986}.Release|Any CPU.Build.0 = Release|Any CPU
		{55EB7F49-4EA2-4659-6F9C-2C59FB1BA008}.Debug|Any CPU.ActiveCfg = Debug|Any CPU
		{55EB7F49-4EA2-4659-6F9C-2C59FB1BA008}.Debug|Any CPU.Build.0 = Debug|Any CPU
		{55EB7F49-4EA2-4659-6F9C-2C59FB1BA008}.Release|Any CPU.ActiveCfg = Release|Any CPU
		{55EB7F49-4EA2-4659-6F9C-2C59FB1BA008}.Release|Any CPU.Build.0 = Release|Any CPU
		{9A56818B-C2D8-CA36-5999-47D9F32E6E8B}.Debug|Any CPU.ActiveCfg = Debug|Any CPU
		{9A56818B-C2D8-CA36-5999-47D9F32E6E8B}.Debug|Any CPU.Build.0 = Debug|Any CPU
		{9A56818B-C2D8-CA36-5999-47D9F32E6E8B}.Release|Any CPU.ActiveCfg = Release|Any CPU
		{9A56818B-C2D8-CA36-5999-47D9F32E6E8B}.Release|Any CPU.Build.0 = Release|Any CPU
	EndGlobalSection
	GlobalSection(SolutionProperties) = preSolution
		HideSolutionNode = FALSE
	EndGlobalSection
	GlobalSection(MonoDevelopProperties) = preSolution
		StartupItem = Assembly-CSharp.csproj
	EndGlobalSection
EndGlobal
